Microsoft Visual Studio Solution File, Format Version 12.00
# Visual Studio Version 18
VisualStudioVersion = 18.3.11512.155 d18.3
MinimumVisualStudioVersion = 10.0.40219.1
Project("{FAE04EC0-301F-11D3-BF4B-00C04F79EFBC}") = "InfiniteStaminaPlugin", "InfiniteStaminaPlugin.csproj", "{9FC286C4-26CE-F51B-EAB2-FE804AA294C2}"
EndProject
Global
	GlobalSection(SolutionConfigurationPlatforms) = preSolution
		Debug|Any CPU = Debug|Any CPU
		Release|Any CPU = Release|Any CPU
	EndGlobalSection
	GlobalSection(ProjectConfigurationPlatforms) = postSolution
		{9FC286C4-26CE-F51B-EAB2-FE804AA294C2}.Debug|Any CPU.ActiveCfg = Debug|Any CPU
		{9FC286C4-26CE-F51B-EAB2-FE804AA294C2}.Debug|Any CPU.Build.0 = Debug|Any CPU
		{9FC286C4-26CE-F51B-EAB2-FE804AA294C2}.Release|Any CPU.ActiveCfg = Release|Any CPU
		{9FC286C4-26CE-F51B-EAB2-FE804AA294C2}.Release|Any CPU.Build.0 = Release|Any CPU
	EndGlobalSection
	GlobalSection(SolutionProperties) = preSolution
		HideSolutionNode = FALSE
	EndGlobalSection
	GlobalSection(ExtensibilityGlobals) = postSolution
		SolutionGuid = {3F16BBB1-FD62-4783-BDC1-F08F1C87B4A1}
	EndGlobalSection
EndGlobal